# This file is automatically @generated by Cargo.
# It is not intended for manual editing.
version = 3

[[package]]
name = "lifetimes_01"
version = "0.1.0"

[[package]]
name = "lifetimes_02"
version = "0.1.0"

[[package]]
name = "lifetimes_03"
version = "0.1.0"

[[package]]
name = "lifetimes_04"
version = "0.1.0"

[[package]]
name = "lifetimes_05"
version = "0.1.0"

[[package]]
name = "lifetimes_06"
version = "0.1.0"

[[package]]
name = "lifetimes_07"
version = "0.1.0"

[[package]]
name = "lifetimes_08"
version = "0.1.0"

[[package]]
name = "lifetimes_09"
version = "0.1.0"

[[package]]
name = "lifetimes_10"
version = "0.1.0"
