# This file is automatically @generated by Cargo.
# It is not intended for manual editing.
version = 3

[[package]]
name = "modules_01"
version = "0.1.0"

[[package]]
name = "modules_02"
version = "0.1.0"

[[package]]
name = "modules_03"
version = "0.1.0"

[[package]]
name = "modules_04"
version = "0.1.0"

[[package]]
name = "modules_05"
version = "0.1.0"

[[package]]
name = "modules_06"
version = "0.1.0"

[[package]]
name = "modules_07"
version = "0.1.0"
dependencies = [
 "modules_06",
]
