# This file is automatically @generated by Cargo.
# It is not intended for manual editing.
version = 3

[[package]]
name = "hello_world_01"
version = "0.1.0"

[[package]]
name = "hello_world_02"
version = "0.1.0"

[[package]]
name = "hello_world_03"
version = "0.1.0"

[[package]]
name = "hello_world_04"
version = "0.1.0"

[[package]]
name = "hello_world_05"
version = "0.1.0"

[[package]]
name = "hello_world_06"
version = "0.1.0"

[[package]]
name = "hello_world_07"
version = "0.1.0"

[[package]]
name = "hello_world_08"
version = "0.1.0"

[[package]]
name = "hello_world_09"
version = "0.1.0"

[[package]]
name = "hello_world_10"
version = "0.1.0"
