# This file is automatically @generated by Cargo.
# It is not intended for manual editing.
version = 3

[[package]]
name = "package_building_01"
version = "0.1.0"

[[package]]
name = "package_building_02"
version = "0.1.0"

[[package]]
name = "package_building_03"
version = "0.1.0"

[[package]]
name = "package_building_04"
version = "0.1.0"

[[package]]
name = "package_building_05"
version = "0.1.0"

[[package]]
name = "package_building_06"
version = "0.1.0"

[[package]]
name = "package_building_07"
version = "0.1.0"

[[package]]
name = "package_building_08"
version = "0.1.0"

[[package]]
name = "package_building_09"
version = "0.1.0"

[[package]]
name = "package_building_10"
version = "0.1.0"
