# This file is automatically @generated by Cargo.
# It is not intended for manual editing.
version = 3

[[package]]
name = "control_flow_01"
version = "0.1.0"

[[package]]
name = "control_flow_02"
version = "0.1.0"

[[package]]
name = "control_flow_03"
version = "0.1.0"

[[package]]
name = "control_flow_04"
version = "0.1.0"

[[package]]
name = "control_flow_05"
version = "0.1.0"

[[package]]
name = "control_flow_06"
version = "0.1.0"

[[package]]
name = "control_flow_07"
version = "0.1.0"

[[package]]
name = "control_flow_08"
version = "0.1.0"

[[package]]
name = "control_flow_09"
version = "0.1.0"

[[package]]
name = "control_flow_10"
version = "0.1.0"
