# This file is automatically @generated by Cargo.
# It is not intended for manual editing.
version = 3

[[package]]
name = "advanced_cli_01"
version = "0.1.0"

[[package]]
name = "advanced_cli_02"
version = "0.1.0"

[[package]]
name = "advanced_cli_03"
version = "0.1.0"

[[package]]
name = "advanced_cli_04"
version = "0.1.0"

[[package]]
name = "advanced_cli_05"
version = "0.1.0"

[[package]]
name = "advanced_cli_06"
version = "0.1.0"

[[package]]
name = "advanced_cli_07"
version = "0.1.0"

[[package]]
name = "advanced_cli_08"
version = "0.1.0"

[[package]]
name = "advanced_cli_09"
version = "0.1.0"

[[package]]
name = "advanced_cli_10"
version = "0.1.0"
