# This file is automatically @generated by Cargo.
# It is not intended for manual editing.
version = 3

[[package]]
name = "enums_01"
version = "0.1.0"

[[package]]
name = "enums_02"
version = "0.1.0"

[[package]]
name = "enums_03"
version = "0.1.0"

[[package]]
name = "enums_04"
version = "0.1.0"

[[package]]
name = "enums_05"
version = "0.1.0"

[[package]]
name = "enums_06"
version = "0.1.0"

[[package]]
name = "enums_07"
version = "0.1.0"

[[package]]
name = "enums_08"
version = "0.1.0"

[[package]]
name = "enums_09"
version = "0.1.0"

[[package]]
name = "enums_10"
version = "0.1.0"
