# This file is automatically @generated by Cargo.
# It is not intended for manual editing.
version = 3

[[package]]
name = "ownership_01"
version = "0.1.0"

[[package]]
name = "ownership_02"
version = "0.1.0"

[[package]]
name = "ownership_03"
version = "0.1.0"

[[package]]
name = "ownership_04"
version = "0.1.0"

[[package]]
name = "ownership_05"
version = "0.1.0"

[[package]]
name = "ownership_06"
version = "0.1.0"

[[package]]
name = "ownership_07"
version = "0.1.0"

[[package]]
name = "ownership_08"
version = "0.1.0"

[[package]]
name = "ownership_09"
version = "0.1.0"

[[package]]
name = "ownership_10"
version = "0.1.0"
