# This file is automatically @generated by Cargo.
# It is not intended for manual editing.
version = 3

[[package]]
name = "macros_01"
version = "0.1.0"

[[package]]
name = "macros_02"
version = "0.1.0"

[[package]]
name = "macros_03"
version = "0.1.0"

[[package]]
name = "macros_04"
version = "0.1.0"

[[package]]
name = "macros_05"
version = "0.1.0"

[[package]]
name = "macros_06"
version = "0.1.0"

[[package]]
name = "macros_07"
version = "0.1.0"

[[package]]
name = "macros_08"
version = "0.1.0"

[[package]]
name = "macros_09"
version = "0.1.0"

[[package]]
name = "macros_10"
version = "0.1.0"
