# This file is automatically @generated by Cargo.
# It is not intended for manual editing.
version = 3

[[package]]
name = "smart_pointers_01"
version = "0.1.0"

[[package]]
name = "smart_pointers_02"
version = "0.1.0"

[[package]]
name = "smart_pointers_03"
version = "0.1.0"

[[package]]
name = "smart_pointers_04"
version = "0.1.0"

[[package]]
name = "smart_pointers_05"
version = "0.1.0"

[[package]]
name = "smart_pointers_06"
version = "0.1.0"

[[package]]
name = "smart_pointers_07"
version = "0.1.0"

[[package]]
name = "smart_pointers_08"
version = "0.1.0"

[[package]]
name = "smart_pointers_09"
version = "0.1.0"

[[package]]
name = "smart_pointers_10"
version = "0.1.0"
