# This file is automatically @generated by Cargo.
# It is not intended for manual editing.
version = 3

[[package]]
name = "integrations_01"
version = "0.1.0"

[[package]]
name = "integrations_02"
version = "0.1.0"

[[package]]
name = "integrations_03"
version = "0.1.0"

[[package]]
name = "integrations_04"
version = "0.1.0"

[[package]]
name = "integrations_05"
version = "0.1.0"

[[package]]
name = "integrations_06"
version = "0.1.0"

[[package]]
name = "integrations_07"
version = "0.1.0"

[[package]]
name = "integrations_08"
version = "0.1.0"

[[package]]
name = "integrations_09"
version = "0.1.0"

[[package]]
name = "integrations_10"
version = "0.1.0"
