# This file is automatically @generated by Cargo.
# It is not intended for manual editing.
version = 3

[[package]]
name = "iterators_01"
version = "0.1.0"

[[package]]
name = "iterators_02"
version = "0.1.0"

[[package]]
name = "iterators_03"
version = "0.1.0"

[[package]]
name = "iterators_04"
version = "0.1.0"

[[package]]
name = "iterators_05"
version = "0.1.0"

[[package]]
name = "iterators_06"
version = "0.1.0"

[[package]]
name = "iterators_07"
version = "0.1.0"

[[package]]
name = "iterators_08"
version = "0.1.0"

[[package]]
name = "iterators_09"
version = "0.1.0"

[[package]]
name = "iterators_10"
version = "0.1.0"
