# This file is automatically @generated by Cargo.
# It is not intended for manual editing.
version = 3

[[package]]
name = "async_01"
version = "0.1.0"

[[package]]
name = "async_02"
version = "0.1.0"

[[package]]
name = "async_03"
version = "0.1.0"

[[package]]
name = "async_04"
version = "0.1.0"

[[package]]
name = "async_05"
version = "0.1.0"

[[package]]
name = "async_06"
version = "0.1.0"

[[package]]
name = "async_07"
version = "0.1.0"

[[package]]
name = "async_08"
version = "0.1.0"

[[package]]
name = "async_09"
version = "0.1.0"

[[package]]
name = "async_10"
version = "0.1.0"
